{
  "requires": true,
  "lockfileVersion": 1,
  "dependencies": {
    "types-registry": {
      "version": "0.1.680",
      "resolved": "https://registry.npmjs.org/types-registry/-/types-registry-0.1.680.tgz",
      "integrity": "sha512-8tNKp07GwbdHfSYAAPaBIW3nBtalQct55QSSrt4xT5Oh7OAbZGXmRhj9phmD1XXtre5vjp676zJwD0EqyaCUxQ=="
    }
  }
}
